{
  "name": "chrisamico.com",
  "version": "1.0.0",
  "lockfileVersion": 1,
  "requires": true,
  "dependencies": {
    "skeleton-css": {
      "version": "2.0.4",
      "resolved": "https://registry.npmjs.org/skeleton-css/-/skeleton-css-2.0.4.tgz",
      "integrity": "sha1-1w2y8B/oIJrHny9O7oP66KQFkbg="
    }
  }
}
